
Microsoft Visual Studio Solution File, Format Version 11.00
# Visual Studio 2010
Project("{2150E333-8FDC-42A3-9474-1A3956D46DE8}") = "Creational", "Creational", "{1B583399-E5D7-4FCD-8375-59F24B6A95A6}"
EndProject
Project("{2150E333-8FDC-42A3-9474-1A3956D46DE8}") = "Structural", "Structural", "{213358E1-D102-4F61-98CB-538B2BA992E0}"
EndProject
Project("{2150E333-8FDC-42A3-9474-1A3956D46DE8}") = "Behavioural", "Behavioural", "{1E6F9F66-4C6F-4E2B-951D-8CB0A4EE46AA}"
EndProject
Project("{FAE04EC0-301F-11D3-BF4B-00C04F79EFBC}") = "AbstractFactory", "Creational\Abstract Factory\AbstractFactory\AbstractFactory.csproj", "{3D15711A-7971-426C-8FAC-2A54741A43C7}"
EndProject
Project("{FAE04EC0-301F-11D3-BF4B-00C04F79EFBC}") = "Builder", "Creational\Builder\Builder\Builder.csproj", "{06C53074-6889-49DB-927F-90F8C82F0D60}"
EndProject
Project("{FAE04EC0-301F-11D3-BF4B-00C04F79EFBC}") = "Factory", "Creational\Factory\Factory\Factory.csproj", "{EE908583-75CC-4C65-9BF0-2F03B4B15589}"
EndProject
Project("{FAE04EC0-301F-11D3-BF4B-00C04F79EFBC}") = "Prototype", "Creational\Prototype\Prototype\Prototype.csproj", "{C8DF9971-7B14-4CE8-A7CD-6BD49C50A18B}"
EndProject
Project("{FAE04EC0-301F-11D3-BF4B-00C04F79EFBC}") = "Singleton", "Creational\Singleton\Singleton\Singleton.csproj", "{C348A3E4-4392-4AF1-981D-F3672F79FBAB}"
EndProject
Project("{FAE04EC0-301F-11D3-BF4B-00C04F79EFBC}") = "Adapter", "Structural\Adapter\Adapter\Adapter.csproj", "{C8978975-BFB4-47FD-9C9D-AD97EA4F2872}"
EndProject
Project("{FAE04EC0-301F-11D3-BF4B-00C04F79EFBC}") = "Bridge", "Structural\Bridge\Bridge\Bridge.csproj", "{76061411-5BC7-4C3A-AA71-C4EBF4E89A5F}"
EndProject
Project("{FAE04EC0-301F-11D3-BF4B-00C04F79EFBC}") = "Composite", "Structural\Composite\Composite\Composite.csproj", "{0B352E53-513A-4C9D-B1A0-F8D7024001AE}"
EndProject
Project("{FAE04EC0-301F-11D3-BF4B-00C04F79EFBC}") = "Decorator", "Structural\Decorator\Decorator\Decorator.csproj", "{78C6798F-C83D-4A6F-A792-6B92BC89D16C}"
EndProject
Project("{FAE04EC0-301F-11D3-BF4B-00C04F79EFBC}") = "Facade", "Structural\Facade\Facade\Facade.csproj", "{67796B40-DC83-41D5-B30C-5B2C5B1CBAE1}"
EndProject
Project("{FAE04EC0-301F-11D3-BF4B-00C04F79EFBC}") = "Flyweight", "Structural\Flyweight\Flyweight\Flyweight.csproj", "{72FDEFC6-CE3E-40D4-AB7B-D831FE2D08E7}"
EndProject
Project("{FAE04EC0-301F-11D3-BF4B-00C04F79EFBC}") = "Proxy", "Structural\Proxy\Proxy\Proxy.csproj", "{65156D43-843F-4EC3-B256-7FBBCC523F69}"
EndProject
Project("{FAE04EC0-301F-11D3-BF4B-00C04F79EFBC}") = "ChainOfResponsibility", "Behavioural\ChainOfResponsibility\ChainOfResponsibility.csproj", "{C2EE0928-07C4-410F-A244-F1FC7D1AAA86}"
EndProject
Project("{FAE04EC0-301F-11D3-BF4B-00C04F79EFBC}") = "Command", "Behavioural\Command\Command\Command.csproj", "{33D0233C-4DD8-4FB7-8E9B-2CC05C3319C9}"
EndProject
Project("{FAE04EC0-301F-11D3-BF4B-00C04F79EFBC}") = "Interpretter", "Behavioural\Interpretter\Interpretter\Interpretter.csproj", "{01435BF8-ADA4-4685-B070-694B7F2F6924}"
EndProject
Project("{FAE04EC0-301F-11D3-BF4B-00C04F79EFBC}") = "Iterator", "Behavioural\Iterator\Iterator\Iterator.csproj", "{D549E80A-2DC1-443B-9585-91C095F939DA}"
EndProject
Project("{FAE04EC0-301F-11D3-BF4B-00C04F79EFBC}") = "Mediator", "Behavioural\Mediator\Mediator\Mediator.csproj", "{25EA01E6-CB22-4B0B-86DE-6640D893AD59}"
EndProject
Project("{FAE04EC0-301F-11D3-BF4B-00C04F79EFBC}") = "Memento", "Behavioural\Memento\Memento\Memento.csproj", "{7766A358-7B4A-4FB7-B32B-2652E57A8202}"
EndProject
Project("{FAE04EC0-301F-11D3-BF4B-00C04F79EFBC}") = "Observer", "Behavioural\Observer\Observer\Observer.csproj", "{E0E4B029-C0F6-4CF2-8C13-B9C9CCA15FB8}"
EndProject
Project("{FAE04EC0-301F-11D3-BF4B-00C04F79EFBC}") = "State", "Behavioural\State\State\State.csproj", "{2662AF2C-BDA3-4D53-BAD3-26242EB24D81}"
EndProject
Project("{FAE04EC0-301F-11D3-BF4B-00C04F79EFBC}") = "Strategy", "Behavioural\Strategy\Strategy\Strategy.csproj", "{8CCB4252-FF66-4915-B090-1C5816CB7D05}"
EndProject
Project("{FAE04EC0-301F-11D3-BF4B-00C04F79EFBC}") = "Template", "Behavioural\Template\Template\Template.csproj", "{99ACCCBE-E774-47CA-A525-AD2DCCA45AD7}"
EndProject
Project("{FAE04EC0-301F-11D3-BF4B-00C04F79EFBC}") = "Visitor", "Behavioural\Visitor\Visitor\Visitor.csproj", "{034EDA0F-7676-4789-9020-1E3E00BFC1F5}"
EndProject
Global
	GlobalSection(SolutionConfigurationPlatforms) = preSolution
		Debug|x86 = Debug|x86
		Release|x86 = Release|x86
	EndGlobalSection
	GlobalSection(ProjectConfigurationPlatforms) = postSolution
		{3D15711A-7971-426C-8FAC-2A54741A43C7}.Debug|x86.ActiveCfg = Debug|x86
		{3D15711A-7971-426C-8FAC-2A54741A43C7}.Debug|x86.Build.0 = Debug|x86
		{3D15711A-7971-426C-8FAC-2A54741A43C7}.Release|x86.ActiveCfg = Release|x86
		{3D15711A-7971-426C-8FAC-2A54741A43C7}.Release|x86.Build.0 = Release|x86
		{06C53074-6889-49DB-927F-90F8C82F0D60}.Debug|x86.ActiveCfg = Debug|x86
		{06C53074-6889-49DB-927F-90F8C82F0D60}.Debug|x86.Build.0 = Debug|x86
		{06C53074-6889-49DB-927F-90F8C82F0D60}.Release|x86.ActiveCfg = Release|x86
		{06C53074-6889-49DB-927F-90F8C82F0D60}.Release|x86.Build.0 = Release|x86
		{EE908583-75CC-4C65-9BF0-2F03B4B15589}.Debug|x86.ActiveCfg = Debug|x86
		{EE908583-75CC-4C65-9BF0-2F03B4B15589}.Debug|x86.Build.0 = Debug|x86
		{EE908583-75CC-4C65-9BF0-2F03B4B15589}.Release|x86.ActiveCfg = Release|x86
		{EE908583-75CC-4C65-9BF0-2F03B4B15589}.Release|x86.Build.0 = Release|x86
		{C8DF9971-7B14-4CE8-A7CD-6BD49C50A18B}.Debug|x86.ActiveCfg = Debug|x86
		{C8DF9971-7B14-4CE8-A7CD-6BD49C50A18B}.Debug|x86.Build.0 = Debug|x86
		{C8DF9971-7B14-4CE8-A7CD-6BD49C50A18B}.Release|x86.ActiveCfg = Release|x86
		{C8DF9971-7B14-4CE8-A7CD-6BD49C50A18B}.Release|x86.Build.0 = Release|x86
		{C348A3E4-4392-4AF1-981D-F3672F79FBAB}.Debug|x86.ActiveCfg = Debug|x86
		{C348A3E4-4392-4AF1-981D-F3672F79FBAB}.Debug|x86.Build.0 = Debug|x86
		{C348A3E4-4392-4AF1-981D-F3672F79FBAB}.Release|x86.ActiveCfg = Release|x86
		{C348A3E4-4392-4AF1-981D-F3672F79FBAB}.Release|x86.Build.0 = Release|x86
		{C8978975-BFB4-47FD-9C9D-AD97EA4F2872}.Debug|x86.ActiveCfg = Debug|x86
		{C8978975-BFB4-47FD-9C9D-AD97EA4F2872}.Debug|x86.Build.0 = Debug|x86
		{C8978975-BFB4-47FD-9C9D-AD97EA4F2872}.Release|x86.ActiveCfg = Release|x86
		{C8978975-BFB4-47FD-9C9D-AD97EA4F2872}.Release|x86.Build.0 = Release|x86
		{76061411-5BC7-4C3A-AA71-C4EBF4E89A5F}.Debug|x86.ActiveCfg = Debug|x86
		{76061411-5BC7-4C3A-AA71-C4EBF4E89A5F}.Debug|x86.Build.0 = Debug|x86
		{76061411-5BC7-4C3A-AA71-C4EBF4E89A5F}.Release|x86.ActiveCfg = Release|x86
		{76061411-5BC7-4C3A-AA71-C4EBF4E89A5F}.Release|x86.Build.0 = Release|x86
		{0B352E53-513A-4C9D-B1A0-F8D7024001AE}.Debug|x86.ActiveCfg = Debug|x86
		{0B352E53-513A-4C9D-B1A0-F8D7024001AE}.Debug|x86.Build.0 = Debug|x86
		{0B352E53-513A-4C9D-B1A0-F8D7024001AE}.Release|x86.ActiveCfg = Release|x86
		{0B352E53-513A-4C9D-B1A0-F8D7024001AE}.Release|x86.Build.0 = Release|x86
		{78C6798F-C83D-4A6F-A792-6B92BC89D16C}.Debug|x86.ActiveCfg = Debug|x86
		{78C6798F-C83D-4A6F-A792-6B92BC89D16C}.Debug|x86.Build.0 = Debug|x86
		{78C6798F-C83D-4A6F-A792-6B92BC89D16C}.Release|x86.ActiveCfg = Release|x86
		{78C6798F-C83D-4A6F-A792-6B92BC89D16C}.Release|x86.Build.0 = Release|x86
		{67796B40-DC83-41D5-B30C-5B2C5B1CBAE1}.Debug|x86.ActiveCfg = Debug|x86
		{67796B40-DC83-41D5-B30C-5B2C5B1CBAE1}.Debug|x86.Build.0 = Debug|x86
		{67796B40-DC83-41D5-B30C-5B2C5B1CBAE1}.Release|x86.ActiveCfg = Release|x86
		{67796B40-DC83-41D5-B30C-5B2C5B1CBAE1}.Release|x86.Build.0 = Release|x86
		{72FDEFC6-CE3E-40D4-AB7B-D831FE2D08E7}.Debug|x86.ActiveCfg = Debug|x86
		{72FDEFC6-CE3E-40D4-AB7B-D831FE2D08E7}.Debug|x86.Build.0 = Debug|x86
		{72FDEFC6-CE3E-40D4-AB7B-D831FE2D08E7}.Release|x86.ActiveCfg = Release|x86
		{72FDEFC6-CE3E-40D4-AB7B-D831FE2D08E7}.Release|x86.Build.0 = Release|x86
		{65156D43-843F-4EC3-B256-7FBBCC523F69}.Debug|x86.ActiveCfg = Debug|x86
		{65156D43-843F-4EC3-B256-7FBBCC523F69}.Debug|x86.Build.0 = Debug|x86
		{65156D43-843F-4EC3-B256-7FBBCC523F69}.Release|x86.ActiveCfg = Release|x86
		{65156D43-843F-4EC3-B256-7FBBCC523F69}.Release|x86.Build.0 = Release|x86
		{C2EE0928-07C4-410F-A244-F1FC7D1AAA86}.Debug|x86.ActiveCfg = Debug|x86
		{C2EE0928-07C4-410F-A244-F1FC7D1AAA86}.Debug|x86.Build.0 = Debug|x86
		{C2EE0928-07C4-410F-A244-F1FC7D1AAA86}.Release|x86.ActiveCfg = Release|x86
		{C2EE0928-07C4-410F-A244-F1FC7D1AAA86}.Release|x86.Build.0 = Release|x86
		{33D0233C-4DD8-4FB7-8E9B-2CC05C3319C9}.Debug|x86.ActiveCfg = Debug|x86
		{33D0233C-4DD8-4FB7-8E9B-2CC05C3319C9}.Debug|x86.Build.0 = Debug|x86
		{33D0233C-4DD8-4FB7-8E9B-2CC05C3319C9}.Release|x86.ActiveCfg = Release|x86
		{33D0233C-4DD8-4FB7-8E9B-2CC05C3319C9}.Release|x86.Build.0 = Release|x86
		{01435BF8-ADA4-4685-B070-694B7F2F6924}.Debug|x86.ActiveCfg = Debug|x86
		{01435BF8-ADA4-4685-B070-694B7F2F6924}.Debug|x86.Build.0 = Debug|x86
		{01435BF8-ADA4-4685-B070-694B7F2F6924}.Release|x86.ActiveCfg = Release|x86
		{01435BF8-ADA4-4685-B070-694B7F2F6924}.Release|x86.Build.0 = Release|x86
		{D549E80A-2DC1-443B-9585-91C095F939DA}.Debug|x86.ActiveCfg = Debug|x86
		{D549E80A-2DC1-443B-9585-91C095F939DA}.Debug|x86.Build.0 = Debug|x86
		{D549E80A-2DC1-443B-9585-91C095F939DA}.Release|x86.ActiveCfg = Release|x86
		{D549E80A-2DC1-443B-9585-91C095F939DA}.Release|x86.Build.0 = Release|x86
		{25EA01E6-CB22-4B0B-86DE-6640D893AD59}.Debug|x86.ActiveCfg = Debug|x86
		{25EA01E6-CB22-4B0B-86DE-6640D893AD59}.Debug|x86.Build.0 = Debug|x86
		{25EA01E6-CB22-4B0B-86DE-6640D893AD59}.Release|x86.ActiveCfg = Release|x86
		{25EA01E6-CB22-4B0B-86DE-6640D893AD59}.Release|x86.Build.0 = Release|x86
		{7766A358-7B4A-4FB7-B32B-2652E57A8202}.Debug|x86.ActiveCfg = Debug|x86
		{7766A358-7B4A-4FB7-B32B-2652E57A8202}.Debug|x86.Build.0 = Debug|x86
		{7766A358-7B4A-4FB7-B32B-2652E57A8202}.Release|x86.ActiveCfg = Release|x86
		{7766A358-7B4A-4FB7-B32B-2652E57A8202}.Release|x86.Build.0 = Release|x86
		{E0E4B029-C0F6-4CF2-8C13-B9C9CCA15FB8}.Debug|x86.ActiveCfg = Debug|x86
		{E0E4B029-C0F6-4CF2-8C13-B9C9CCA15FB8}.Debug|x86.Build.0 = Debug|x86
		{E0E4B029-C0F6-4CF2-8C13-B9C9CCA15FB8}.Release|x86.ActiveCfg = Release|x86
		{E0E4B029-C0F6-4CF2-8C13-B9C9CCA15FB8}.Release|x86.Build.0 = Release|x86
		{2662AF2C-BDA3-4D53-BAD3-26242EB24D81}.Debug|x86.ActiveCfg = Debug|x86
		{2662AF2C-BDA3-4D53-BAD3-26242EB24D81}.Debug|x86.Build.0 = Debug|x86
		{2662AF2C-BDA3-4D53-BAD3-26242EB24D81}.Release|x86.ActiveCfg = Release|x86
		{2662AF2C-BDA3-4D53-BAD3-26242EB24D81}.Release|x86.Build.0 = Release|x86
		{8CCB4252-FF66-4915-B090-1C5816CB7D05}.Debug|x86.ActiveCfg = Debug|x86
		{8CCB4252-FF66-4915-B090-1C5816CB7D05}.Debug|x86.Build.0 = Debug|x86
		{8CCB4252-FF66-4915-B090-1C5816CB7D05}.Release|x86.ActiveCfg = Release|x86
		{8CCB4252-FF66-4915-B090-1C5816CB7D05}.Release|x86.Build.0 = Release|x86
		{99ACCCBE-E774-47CA-A525-AD2DCCA45AD7}.Debug|x86.ActiveCfg = Debug|x86
		{99ACCCBE-E774-47CA-A525-AD2DCCA45AD7}.Debug|x86.Build.0 = Debug|x86
		{99ACCCBE-E774-47CA-A525-AD2DCCA45AD7}.Release|x86.ActiveCfg = Release|x86
		{99ACCCBE-E774-47CA-A525-AD2DCCA45AD7}.Release|x86.Build.0 = Release|x86
		{034EDA0F-7676-4789-9020-1E3E00BFC1F5}.Debug|x86.ActiveCfg = Debug|x86
		{034EDA0F-7676-4789-9020-1E3E00BFC1F5}.Debug|x86.Build.0 = Debug|x86
		{034EDA0F-7676-4789-9020-1E3E00BFC1F5}.Release|x86.ActiveCfg = Release|x86
		{034EDA0F-7676-4789-9020-1E3E00BFC1F5}.Release|x86.Build.0 = Release|x86
	EndGlobalSection
	GlobalSection(SolutionProperties) = preSolution
		HideSolutionNode = FALSE
	EndGlobalSection
	GlobalSection(NestedProjects) = preSolution
		{3D15711A-7971-426C-8FAC-2A54741A43C7} = {1B583399-E5D7-4FCD-8375-59F24B6A95A6}
		{06C53074-6889-49DB-927F-90F8C82F0D60} = {1B583399-E5D7-4FCD-8375-59F24B6A95A6}
		{EE908583-75CC-4C65-9BF0-2F03B4B15589} = {1B583399-E5D7-4FCD-8375-59F24B6A95A6}
		{C8DF9971-7B14-4CE8-A7CD-6BD49C50A18B} = {1B583399-E5D7-4FCD-8375-59F24B6A95A6}
		{C348A3E4-4392-4AF1-981D-F3672F79FBAB} = {1B583399-E5D7-4FCD-8375-59F24B6A95A6}
		{C8978975-BFB4-47FD-9C9D-AD97EA4F2872} = {213358E1-D102-4F61-98CB-538B2BA992E0}
		{76061411-5BC7-4C3A-AA71-C4EBF4E89A5F} = {213358E1-D102-4F61-98CB-538B2BA992E0}
		{0B352E53-513A-4C9D-B1A0-F8D7024001AE} = {213358E1-D102-4F61-98CB-538B2BA992E0}
		{78C6798F-C83D-4A6F-A792-6B92BC89D16C} = {213358E1-D102-4F61-98CB-538B2BA992E0}
		{67796B40-DC83-41D5-B30C-5B2C5B1CBAE1} = {213358E1-D102-4F61-98CB-538B2BA992E0}
		{72FDEFC6-CE3E-40D4-AB7B-D831FE2D08E7} = {213358E1-D102-4F61-98CB-538B2BA992E0}
		{65156D43-843F-4EC3-B256-7FBBCC523F69} = {213358E1-D102-4F61-98CB-538B2BA992E0}
		{C2EE0928-07C4-410F-A244-F1FC7D1AAA86} = {1E6F9F66-4C6F-4E2B-951D-8CB0A4EE46AA}
		{33D0233C-4DD8-4FB7-8E9B-2CC05C3319C9} = {1E6F9F66-4C6F-4E2B-951D-8CB0A4EE46AA}
		{01435BF8-ADA4-4685-B070-694B7F2F6924} = {1E6F9F66-4C6F-4E2B-951D-8CB0A4EE46AA}
		{D549E80A-2DC1-443B-9585-91C095F939DA} = {1E6F9F66-4C6F-4E2B-951D-8CB0A4EE46AA}
		{25EA01E6-CB22-4B0B-86DE-6640D893AD59} = {1E6F9F66-4C6F-4E2B-951D-8CB0A4EE46AA}
		{7766A358-7B4A-4FB7-B32B-2652E57A8202} = {1E6F9F66-4C6F-4E2B-951D-8CB0A4EE46AA}
		{E0E4B029-C0F6-4CF2-8C13-B9C9CCA15FB8} = {1E6F9F66-4C6F-4E2B-951D-8CB0A4EE46AA}
		{2662AF2C-BDA3-4D53-BAD3-26242EB24D81} = {1E6F9F66-4C6F-4E2B-951D-8CB0A4EE46AA}
		{8CCB4252-FF66-4915-B090-1C5816CB7D05} = {1E6F9F66-4C6F-4E2B-951D-8CB0A4EE46AA}
		{99ACCCBE-E774-47CA-A525-AD2DCCA45AD7} = {1E6F9F66-4C6F-4E2B-951D-8CB0A4EE46AA}
		{034EDA0F-7676-4789-9020-1E3E00BFC1F5} = {1E6F9F66-4C6F-4E2B-951D-8CB0A4EE46AA}
	EndGlobalSection
EndGlobal
